
Microsoft Visual Studio Solution File, Format Version 12.00
# Visual Studio Version 16
VisualStudioVersion = 16.0.30104.148
MinimumVisualStudioVersion = 10.0.40219.1
Project("{FAE04EC0-301F-11D3-BF4B-00C04F79EFBC}") = "WPF_Doubler_Game", "WPF_Doubler_Game\WPF_Doubler_Game.csproj", "{278ACDE0-0263-4B74-BA6E-CAFBBAC0A344}"
EndProject
Global
	GlobalSection(SolutionConfigurationPlatforms) = preSolution
		Debug|Any CPU = Debug|Any CPU
		Release|Any CPU = Release|Any CPU
	EndGlobalSection
	GlobalSection(ProjectConfigurationPlatforms) = postSolution
		{278ACDE0-0263-4B74-BA6E-CAFBBAC0A344}.Debug|Any CPU.ActiveCfg = Debug|Any CPU
		{278ACDE0-0263-4B74-BA6E-CAFBBAC0A344}.Debug|Any CPU.Build.0 = Debug|Any CPU
		{278ACDE0-0263-4B74-BA6E-CAFBBAC0A344}.Release|Any CPU.ActiveCfg = Release|Any CPU
		{278ACDE0-0263-4B74-BA6E-CAFBBAC0A344}.Release|Any CPU.Build.0 = Release|Any CPU
	EndGlobalSection
	GlobalSection(SolutionProperties) = preSolution
		HideSolutionNode = FALSE
	EndGlobalSection
	GlobalSection(ExtensibilityGlobals) = postSolution
		SolutionGuid = {BB0D09A8-6A27-4984-A81B-767C9186E685}
	EndGlobalSection
EndGlobal
